
Microsoft Visual Studio Solution File, Format Version 12.00
# Visual Studio Version 17
VisualStudioVersion = 17.4.33110.190
MinimumVisualStudioVersion = 10.0.40219.1
Project("{FAE04EC0-301F-11D3-BF4B-00C04F79EFBC}") = "BootcampExampleFunction", "BootcampExampleFunction\BootcampExampleFunction.csproj", "{023D31E4-AC42-4883-9A58-DB947A37FD24}"
EndProject
Global
	GlobalSection(SolutionConfigurationPlatforms) = preSolution
		Debug|Any CPU = Debug|Any CPU
		Release|Any CPU = Release|Any CPU
	EndGlobalSection
	GlobalSection(ProjectConfigurationPlatforms) = postSolution
		{023D31E4-AC42-4883-9A58-DB947A37FD24}.Debug|Any CPU.ActiveCfg = Debug|Any CPU
		{023D31E4-AC42-4883-9A58-DB947A37FD24}.Debug|Any CPU.Build.0 = Debug|Any CPU
		{023D31E4-AC42-4883-9A58-DB947A37FD24}.Release|Any CPU.ActiveCfg = Release|Any CPU
		{023D31E4-AC42-4883-9A58-DB947A37FD24}.Release|Any CPU.Build.0 = Release|Any CPU
	EndGlobalSection
	GlobalSection(SolutionProperties) = preSolution
		HideSolutionNode = FALSE
	EndGlobalSection
	GlobalSection(ExtensibilityGlobals) = postSolution
		SolutionGuid = {149DFAF3-019E-433B-A023-1FA96B1F1DCF}
	EndGlobalSection
EndGlobal
